// !$*UTF8*$!
{
	archiveVersion = 1;
	classes = {
	};
	objectVersion = 46;
	objects = {

/* Begin PBXBuildFile section */
		B5155F311C64A5E7000EF2D6 /* TermsOfServiceViewController.swift in Sources */ = {isa = PBXBuildFile; fileRef = B5155F301C64A5E7000EF2D6 /* TermsOfServiceViewController.swift */; };
		B5155F331C652C4E000EF2D6 /* SettingsViewController.swift in Sources */ = {isa = PBXBuildFile; fileRef = B5155F321C652C4E000EF2D6 /* SettingsViewController.swift */; };
		B51D3A001C62DC67003E9ABB /* CreateAccountViewRootController.swift in Sources */ = {isa = PBXBuildFile; fileRef = B51D39FF1C62DC67003E9ABB /* CreateAccountViewRootController.swift */; };
		B51D3A031C62F631003E9ABB /* SignInRootViewController.swift in Sources */ = {isa = PBXBuildFile; fileRef = B51D3A021C62F631003E9ABB /* SignInRootViewController.swift */; };
		B51D3A3F1C643308003E9ABB /* CreateAccountViewController.swift in Sources */ = {isa = PBXBuildFile; fileRef = B51D3A3E1C643308003E9ABB /* CreateAccountViewController.swift */; };
		B51D3A411C6433F2003E9ABB /* SignInViewController.swift in Sources */ = {isa = PBXBuildFile; fileRef = B51D3A401C6433F2003E9ABB /* SignInViewController.swift */; };
		B5B735BF1C61DB72003A989C /* AppDelegate.swift in Sources */ = {isa = PBXBuildFile; fileRef = B5B735BE1C61DB72003A989C /* AppDelegate.swift */; };
		B5B735C11C61DB72003A989C /* ViewController.swift in Sources */ = {isa = PBXBuildFile; fileRef = B5B735C01C61DB72003A989C /* ViewController.swift */; };
		B5B735C41C61DB72003A989C /* Main.storyboard in Resources */ = {isa = PBXBuildFile; fileRef = B5B735C21C61DB72003A989C /* Main.storyboard */; };
		B5B735C61C61DB72003A989C /* Assets.xcassets in Resources */ = {isa = PBXBuildFile; fileRef = B5B735C51C61DB72003A989C /* Assets.xcassets */; };
		B5B735C91C61DB72003A989C /* LaunchScreen.storyboard in Resources */ = {isa = PBXBuildFile; fileRef = B5B735C71C61DB72003A989C /* LaunchScreen.storyboard */; };
		B5B735D41C61DB72003A989C /* DropboxTests.swift in Sources */ = {isa = PBXBuildFile; fileRef = B5B735D31C61DB72003A989C /* DropboxTests.swift */; };
		B5B735DF1C61DB72003A989C /* DropboxUITests.swift in Sources */ = {isa = PBXBuildFile; fileRef = B5B735DE1C61DB72003A989C /* DropboxUITests.swift */; };
		B5B735ED1C61ECC6003A989C /* WelcomeViewController.swift in Sources */ = {isa = PBXBuildFile; fileRef = B5B735EC1C61ECC6003A989C /* WelcomeViewController.swift */; };
/* End PBXBuildFile section */

/* Begin PBXContainerItemProxy section */
		B5B735D01C61DB72003A989C /* PBXContainerItemProxy */ = {
			isa = PBXContainerItemProxy;
			containerPortal = B5B735B31C61DB72003A989C /* Project object */;
			proxyType = 1;
			remoteGlobalIDString = B5B735BA1C61DB72003A989C;
			remoteInfo = Dropbox;
		};
		B5B735DB1C61DB72003A989C /* PBXContainerItemProxy */ = {
			isa = PBXContainerItemProxy;
			containerPortal = B5B735B31C61DB72003A989C /* Project object */;
			proxyType = 1;
			remoteGlobalIDString = B5B735BA1C61DB72003A989C;
			remoteInfo = Dropbox;
		};
/* End PBXContainerItemProxy section */

/* Begin PBXFileReference section */
		B5155F301C64A5E7000EF2D6 /* TermsOfServiceViewController.swift */ = {isa = PBXFileReference; fileEncoding = 4; lastKnownFileType = sourcecode.swift; path = TermsOfServiceViewController.swift; sourceTree = "<group>"; };
		B5155F321C652C4E000EF2D6 /* SettingsViewController.swift */ = {isa = PBXFileReference; fileEncoding = 4; lastKnownFileType = sourcecode.swift; path = SettingsViewController.swift; sourceTree = "<group>"; };
		B51D39FF1C62DC67003E9ABB /* CreateAccountViewRootController.swift */ = {isa = PBXFileReference; fileEncoding = 4; lastKnownFileType = sourcecode.swift; path = CreateAccountViewRootController.swift; sourceTree = "<group>"; };
		B51D3A021C62F631003E9ABB /* SignInRootViewController.swift */ = {isa = PBXFileReference; fileEncoding = 4; lastKnownFileType = sourcecode.swift; path = SignInRootViewController.swift; sourceTree = "<group>"; };
		B51D3A3E1C643308003E9ABB /* CreateAccountViewController.swift */ = {isa = PBXFileReference; fileEncoding = 4; lastKnownFileType = sourcecode.swift; path = CreateAccountViewController.swift; sourceTree = "<group>"; };
		B51D3A401C6433F2003E9ABB /* SignInViewController.swift */ = {isa = PBXFileReference; fileEncoding = 4; lastKnownFileType = sourcecode.swift; path = SignInViewController.swift; sourceTree = "<group>"; };
		B5B735BB1C61DB72003A989C /* Dropbox.app */ = {isa = PBXFileReference; explicitFileType = wrapper.application; includeInIndex = 0; path = Dropbox.app; sourceTree = BUILT_PRODUCTS_DIR; };
		B5B735BE1C61DB72003A989C /* AppDelegate.swift */ = {isa = PBXFileReference; lastKnownFileType = sourcecode.swift; path = AppDelegate.swift; sourceTree = "<group>"; };
		B5B735C01C61DB72003A989C /* ViewController.swift */ = {isa = PBXFileReference; lastKnownFileType = sourcecode.swift; path = ViewController.swift; sourceTree = "<group>"; };
		B5B735C31C61DB72003A989C /* Base */ = {isa = PBXFileReference; lastKnownFileType = file.storyboard; name = Base; path = Base.lproj/Main.storyboard; sourceTree = "<group>"; };
		B5B735C51C61DB72003A989C /* Assets.xcassets */ = {isa = PBXFileReference; lastKnownFileType = folder.assetcatalog; path = Assets.xcassets; sourceTree = "<group>"; };
		B5B735C81C61DB72003A989C /* Base */ = {isa = PBXFileReference; lastKnownFileType = file.storyboard; name = Base; path = Base.lproj/LaunchScreen.storyboard; sourceTree = "<group>"; };
		B5B735CA1C61DB72003A989C /* Info.plist */ = {isa = PBXFileReference; lastKnownFileType = text.plist.xml; path = Info.plist; sourceTree = "<group>"; };
		B5B735CF1C61DB72003A989C /* DropboxTests.xctest */ = {isa = PBXFileReference; explicitFileType = wrapper.cfbundle; includeInIndex = 0; path = DropboxTests.xctest; sourceTree = BUILT_PRODUCTS_DIR; };
		B5B735D31C61DB72003A989C /* DropboxTests.swift */ = {isa = PBXFileReference; lastKnownFileType = sourcecode.swift; path = DropboxTests.swift; sourceTree = "<group>"; };
		B5B735D51C61DB72003A989C /* Info.plist */ = {isa = PBXFileReference; lastKnownFileType = text.plist.xml; path = Info.plist; sourceTree = "<group>"; };
		B5B735DA1C61DB72003A989C /* DropboxUITests.xctest */ = {isa = PBXFileReference; explicitFileType = wrapper.cfbundle; includeInIndex = 0; path = DropboxUITests.xctest; sourceTree = BUILT_PRODUCTS_DIR; };
		B5B735DE1C61DB72003A989C /* DropboxUITests.swift */ = {isa = PBXFileReference; lastKnownFileType = sourcecode.swift; path = DropboxUITests.swift; sourceTree = "<group>"; };
		B5B735E01C61DB72003A989C /* Info.plist */ = {isa = PBXFileReference; lastKnownFileType = text.plist.xml; path = Info.plist; sourceTree = "<group>"; };
		B5B735EC1C61ECC6003A989C /* WelcomeViewController.swift */ = {isa = PBXFileReference; fileEncoding = 4; lastKnownFileType = sourcecode.swift; path = WelcomeViewController.swift; sourceTree = "<group>"; };
/* End PBXFileReference section */

/* Begin PBXFrameworksBuildPhase section */
		B5B735B81C61DB72003A989C /* Frameworks */ = {
			isa = PBXFrameworksBuildPhase;
			buildActionMask = 2147483647;
			files = (
			);
			runOnlyForDeploymentPostprocessing = 0;
		};
		B5B735CC1C61DB72003A989C /* Frameworks */ = {
			isa = PBXFrameworksBuildPhase;
			buildActionMask = 2147483647;
			files = (
			);
			runOnlyForDeploymentPostprocessing = 0;
		};
		B5B735D71C61DB72003A989C /* Frameworks */ = {
			isa = PBXFrameworksBuildPhase;
			buildActionMask = 2147483647;
			files = (
			);
			runOnlyForDeploymentPostprocessing = 0;
		};
/* End PBXFrameworksBuildPhase section */

/* Begin PBXGroup section */
		B51D3A011C62DC7D003E9ABB /* ViewControllers */ = {
			isa = PBXGroup;
			children = (
				B51D39FF1C62DC67003E9ABB /* CreateAccountViewRootController.swift */,
				B5B735EC1C61ECC6003A989C /* WelcomeViewController.swift */,
				B51D3A021C62F631003E9ABB /* SignInRootViewController.swift */,
				B51D3A3E1C643308003E9ABB /* CreateAccountViewController.swift */,
				B51D3A401C6433F2003E9ABB /* SignInViewController.swift */,
				B5155F301C64A5E7000EF2D6 /* TermsOfServiceViewController.swift */,
				B5155F321C652C4E000EF2D6 /* SettingsViewController.swift */,
			);
			name = ViewControllers;
			sourceTree = "<group>";
		};
		B5B735B21C61DB72003A989C = {
			isa = PBXGroup;
			children = (
				B5B735BD1C61DB72003A989C /* Dropbox */,
				B5B735D21C61DB72003A989C /* DropboxTests */,
				B5B735DD1C61DB72003A989C /* DropboxUITests */,
				B5B735BC1C61DB72003A989C /* Products */,
			);
			sourceTree = "<group>";
		};
		B5B735BC1C61DB72003A989C /* Products */ = {
			isa = PBXGroup;
			children = (
				B5B735BB1C61DB72003A989C /* Dropbox.app */,
				B5B735CF1C61DB72003A989C /* DropboxTests.xctest */,
				B5B735DA1C61DB72003A989C /* DropboxUITests.xctest */,
			);
			name = Products;
			sourceTree = "<group>";
		};
		B5B735BD1C61DB72003A989C /* Dropbox */ = {
			isa = PBXGroup;
			children = (
				B51D3A011C62DC7D003E9ABB /* ViewControllers */,
				B5B735BE1C61DB72003A989C /* AppDelegate.swift */,
				B5B735C01C61DB72003A989C /* ViewController.swift */,
				B5B735C21C61DB72003A989C /* Main.storyboard */,
				B5B735C51C61DB72003A989C /* Assets.xcassets */,
				B5B735C71C61DB72003A989C /* LaunchScreen.storyboard */,
				B5B735CA1C61DB72003A989C /* Info.plist */,
			);
			path = Dropbox;
			sourceTree = "<group>";
		};
		B5B735D21C61DB72003A989C /* DropboxTests */ = {
			isa = PBXGroup;
			children = (
				B5B735D31C61DB72003A989C /* DropboxTests.swift */,
				B5B735D51C61DB72003A989C /* Info.plist */,
			);
			path = DropboxTests;
			sourceTree = "<group>";
		};
		B5B735DD1C61DB72003A989C /* DropboxUITests */ = {
			isa = PBXGroup;
			children = (
				B5B735DE1C61DB72003A989C /* DropboxUITests.swift */,
				B5B735E01C61DB72003A989C /* Info.plist */,
			);
			path = DropboxUITests;
			sourceTree = "<group>";
		};
/* End PBXGroup section */

/* Begin PBXNativeTarget section */
		B5B735BA1C61DB72003A989C /* Dropbox */ = {
			isa = PBXNativeTarget;
			buildConfigurationList = B5B735E31C61DB72003A989C /* Build configuration list for PBXNativeTarget "Dropbox" */;
			buildPhases = (
				B5B735B71C61DB72003A989C /* Sources */,
				B5B735B81C61DB72003A989C /* Frameworks */,
				B5B735B91C61DB72003A989C /* Resources */,
			);
			buildRules = (
			);
			dependencies = (
			);
			name = Dropbox;
			productName = Dropbox;
			productReference = B5B735BB1C61DB72003A989C /* Dropbox.app */;
			productType = "com.apple.product-type.application";
		};
		B5B735CE1C61DB72003A989C /* DropboxTests */ = {
			isa = PBXNativeTarget;
			buildConfigurationList = B5B735E61C61DB72003A989C /* Build configuration list for PBXNativeTarget "DropboxTests" */;
			buildPhases = (
				B5B735CB1C61DB72003A989C /* Sources */,
				B5B735CC1C61DB72003A989C /* Frameworks */,
				B5B735CD1C61DB72003A989C /* Resources */,
			);
			buildRules = (
			);
			dependencies = (
				B5B735D11C61DB72003A989C /* PBXTargetDependency */,
			);
			name = DropboxTests;
			productName = DropboxTests;
			productReference = B5B735CF1C61DB72003A989C /* DropboxTests.xctest */;
			productType = "com.apple.product-type.bundle.unit-test";
		};
		B5B735D91C61DB72003A989C /* DropboxUITests */ = {
			isa = PBXNativeTarget;
			buildConfigurationList = B5B735E91C61DB72003A989C /* Build configuration list for PBXNativeTarget "DropboxUITests" */;
			buildPhases = (
				B5B735D61C61DB72003A989C /* Sources */,
				B5B735D71C61DB72003A989C /* Frameworks */,
				B5B735D81C61DB72003A989C /* Resources */,
			);
			buildRules = (
			);
			dependencies = (
				B5B735DC1C61DB72003A989C /* PBXTargetDependency */,
			);
			name = DropboxUITests;
			productName = DropboxUITests;
			productReference = B5B735DA1C61DB72003A989C /* DropboxUITests.xctest */;
			productType = "com.apple.product-type.bundle.ui-testing";
		};
/* End PBXNativeTarget section */

/* Begin PBXProject section */
		B5B735B31C61DB72003A989C /* Project object */ = {
			isa = PBXProject;
			attributes = {
				LastSwiftUpdateCheck = 0720;
				LastUpgradeCheck = 0720;
				ORGANIZATIONNAME = "Dorahan Arapgirlioglu";
				TargetAttributes = {
					B5B735BA1C61DB72003A989C = {
						CreatedOnToolsVersion = 7.2;
						DevelopmentTeam = 2YS5CJ5W9L;
					};
					B5B735CE1C61DB72003A989C = {
						CreatedOnToolsVersion = 7.2;
						DevelopmentTeam = 2YS5CJ5W9L;
						TestTargetID = B5B735BA1C61DB72003A989C;
					};
					B5B735D91C61DB72003A989C = {
						CreatedOnToolsVersion = 7.2;
						DevelopmentTeam = 2YS5CJ5W9L;
						TestTargetID = B5B735BA1C61DB72003A989C;
					};
				};
			};
			buildConfigurationList = B5B735B61C61DB72003A989C /* Build configuration list for PBXProject "Dropbox" */;
			compatibilityVersion = "Xcode 3.2";
			developmentRegion = English;
			hasScannedForEncodings = 0;
			knownRegions = (
				en,
				Base,
			);
			mainGroup = B5B735B21C61DB72003A989C;
			productRefGroup = B5B735BC1C61DB72003A989C /* Products */;
			projectDirPath = "";
			projectRoot = "";
			targets = (
				B5B735BA1C61DB72003A989C /* Dropbox */,
				B5B735CE1C61DB72003A989C /* DropboxTests */,
				B5B735D91C61DB72003A989C /* DropboxUITests */,
			);
		};
/* End PBXProject section */

/* Begin PBXResourcesBuildPhase section */
		B5B735B91C61DB72003A989C /* Resources */ = {
			isa = PBXResourcesBuildPhase;
			buildActionMask = 2147483647;
			files = (
				B5B735C91C61DB72003A989C /* LaunchScreen.storyboard in Resources */,
				B5B735C61C61DB72003A989C /* Assets.xcassets in Resources */,
				B5B735C41C61DB72003A989C /* Main.storyboard in Resources */,
			);
			runOnlyForDeploymentPostprocessing = 0;
		};
		B5B735CD1C61DB72003A989C /* Resources */ = {
			isa = PBXResourcesBuildPhase;
			buildActionMask = 2147483647;
			files = (
			);
			runOnlyForDeploymentPostprocessing = 0;
		};
		B5B735D81C61DB72003A989C /* Resources */ = {
			isa = PBXResourcesBuildPhase;
			buildActionMask = 2147483647;
			files = (
			);
			runOnlyForDeploymentPostprocessing = 0;
		};
/* End PBXResourcesBuildPhase section */

/* Begin PBXSourcesBuildPhase section */
		B5B735B71C61DB72003A989C /* Sources */ = {
			isa = PBXSourcesBuildPhase;
			buildActionMask = 2147483647;
			files = (
				B51D3A411C6433F2003E9ABB /* SignInViewController.swift in Sources */,
				B5155F311C64A5E7000EF2D6 /* TermsOfServiceViewController.swift in Sources */,
				B51D3A3F1C643308003E9ABB /* CreateAccountViewController.swift in Sources */,
				B51D3A031C62F631003E9ABB /* SignInRootViewController.swift in Sources */,
				B51D3A001C62DC67003E9ABB /* CreateAccountViewRootController.swift in Sources */,
				B5B735ED1C61ECC6003A989C /* WelcomeViewController.swift in Sources */,
				B5B735C11C61DB72003A989C /* ViewController.swift in Sources */,
				B5B735BF1C61DB72003A989C /* AppDelegate.swift in Sources */,
				B5155F331C652C4E000EF2D6 /* SettingsViewController.swift in Sources */,
			);
			runOnlyForDeploymentPostprocessing = 0;
		};
		B5B735CB1C61DB72003A989C /* Sources */ = {
			isa = PBXSourcesBuildPhase;
			buildActionMask = 2147483647;
			files = (
				B5B735D41C61DB72003A989C /* DropboxTests.swift in Sources */,
			);
			runOnlyForDeploymentPostprocessing = 0;
		};
		B5B735D61C61DB72003A989C /* Sources */ = {
			isa = PBXSourcesBuildPhase;
			buildActionMask = 2147483647;
			files = (
				B5B735DF1C61DB72003A989C /* DropboxUITests.swift in Sources */,
			);
			runOnlyForDeploymentPostprocessing = 0;
		};
/* End PBXSourcesBuildPhase section */

/* Begin PBXTargetDependency section */
		B5B735D11C61DB72003A989C /* PBXTargetDependency */ = {
			isa = PBXTargetDependency;
			target = B5B735BA1C61DB72003A989C /* Dropbox */;
			targetProxy = B5B735D01C61DB72003A989C /* PBXContainerItemProxy */;
		};
		B5B735DC1C61DB72003A989C /* PBXTargetDependency */ = {
			isa = PBXTargetDependency;
			target = B5B735BA1C61DB72003A989C /* Dropbox */;
			targetProxy = B5B735DB1C61DB72003A989C /* PBXContainerItemProxy */;
		};
/* End PBXTargetDependency section */

/* Begin PBXVariantGroup section */
		B5B735C21C61DB72003A989C /* Main.storyboard */ = {
			isa = PBXVariantGroup;
			children = (
				B5B735C31C61DB72003A989C /* Base */,
			);
			name = Main.storyboard;
			sourceTree = "<group>";
		};
		B5B735C71C61DB72003A989C /* LaunchScreen.storyboard */ = {
			isa = PBXVariantGroup;
			children = (
				B5B735C81C61DB72003A989C /* Base */,
			);
			name = LaunchScreen.storyboard;
			sourceTree = "<group>";
		};
/* End PBXVariantGroup section */

/* Begin XCBuildConfiguration section */
		B5B735E11C61DB72003A989C /* Debug */ = {
			isa = XCBuildConfiguration;
			buildSettings = {
				ALWAYS_SEARCH_USER_PATHS = NO;
				CLANG_CXX_LANGUAGE_STANDARD = "gnu++0x";
				CLANG_CXX_LIBRARY = "libc++";
				CLANG_ENABLE_MODULES = YES;
				CLANG_ENABLE_OBJC_ARC = YES;
				CLANG_WARN_BOOL_CONVERSION = YES;
				CLANG_WARN_CONSTANT_CONVERSION = YES;
				CLANG_WARN_DIRECT_OBJC_ISA_USAGE = YES_ERROR;
				CLANG_WARN_EMPTY_BODY = YES;
				CLANG_WARN_ENUM_CONVERSION = YES;
				CLANG_WARN_INT_CONVERSION = YES;
				CLANG_WARN_OBJC_ROOT_CLASS = YES_ERROR;
				CLANG_WARN_UNREACHABLE_CODE = YES;
				CLANG_WARN__DUPLICATE_METHOD_MATCH = YES;
				"CODE_SIGN_IDENTITY[sdk=iphoneos*]" = "iPhone Developer";
				COPY_PHASE_STRIP = NO;
				DEBUG_INFORMATION_FORMAT = dwarf;
				ENABLE_STRICT_OBJC_MSGSEND = YES;
				ENABLE_TESTABILITY = YES;
				GCC_C_LANGUAGE_STANDARD = gnu99;
				GCC_DYNAMIC_NO_PIC = NO;
				GCC_NO_COMMON_BLOCKS = YES;
				GCC_OPTIMIZATION_LEVEL = 0;
				GCC_PREPROCESSOR_DEFINITIONS = (
					"DEBUG=1",
					"$(inherited)",
				);
				GCC_WARN_64_TO_32_BIT_CONVERSION = YES;
				GCC_WARN_ABOUT_RETURN_TYPE = YES_ERROR;
				GCC_WARN_UNDECLARED_SELECTOR = YES;
				GCC_WARN_UNINITIALIZED_AUTOS = YES_AGGRESSIVE;
				GCC_WARN_UNUSED_FUNCTION = YES;
				GCC_WARN_UNUSED_VARIABLE = YES;
				IPHONEOS_DEPLOYMENT_TARGET = 9.2;
				MTL_ENABLE_DEBUG_INFO = YES;
				ONLY_ACTIVE_ARCH = YES;
				SDKROOT = iphoneos;
				SWIFT_OPTIMIZATION_LEVEL = "-Onone";
			};
			name = Debug;
		};
		B5B735E21C61DB72003A989C /* Release */ = {
			isa = XCBuildConfiguration;
			buildSettings = {
				ALWAYS_SEARCH_USER_PATHS = NO;
				CLANG_CXX_LANGUAGE_STANDARD = "gnu++0x";
				CLANG_CXX_LIBRARY = "libc++";
				CLANG_ENABLE_MODULES = YES;
				CLANG_ENABLE_OBJC_ARC = YES;
				CLANG_WARN_BOOL_CONVERSION = YES;
				CLANG_WARN_CONSTANT_CONVERSION = YES;
				CLANG_WARN_DIRECT_OBJC_ISA_USAGE = YES_ERROR;
				CLANG_WARN_EMPTY_BODY = YES;
				CLANG_WARN_ENUM_CONVERSION = YES;
				CLANG_WARN_INT_CONVERSION = YES;
				CLANG_WARN_OBJC_ROOT_CLASS = YES_ERROR;
				CLANG_WARN_UNREACHABLE_CODE = YES;
				CLANG_WARN__DUPLICATE_METHOD_MATCH = YES;
				"CODE_SIGN_IDENTITY[sdk=iphoneos*]" = "iPhone Developer";
				COPY_PHASE_STRIP = NO;
				DEBUG_INFORMATION_FORMAT = "dwarf-with-dsym";
				ENABLE_NS_ASSERTIONS = NO;
				ENABLE_STRICT_OBJC_MSGSEND = YES;
				GCC_C_LANGUAGE_STANDARD = gnu99;
				GCC_NO_COMMON_BLOCKS = YES;
				GCC_WARN_64_TO_32_BIT_CONVERSION = YES;
				GCC_WARN_ABOUT_RETURN_TYPE = YES_ERROR;
				GCC_WARN_UNDECLARED_SELECTOR = YES;
				GCC_WARN_UNINITIALIZED_AUTOS = YES_AGGRESSIVE;
				GCC_WARN_UNUSED_FUNCTION = YES;
				GCC_WARN_UNUSED_VARIABLE = YES;
				IPHONEOS_DEPLOYMENT_TARGET = 9.2;
				MTL_ENABLE_DEBUG_INFO = NO;
				SDKROOT = iphoneos;
				VALIDATE_PRODUCT = YES;
			};
			name = Release;
		};
		B5B735E41C61DB72003A989C /* Debug */ = {
			isa = XCBuildConfiguration;
			buildSettings = {
				ASSETCATALOG_COMPILER_APPICON_NAME = AppIcon;
				INFOPLIST_FILE = Dropbox/Info.plist;
				LD_RUNPATH_SEARCH_PATHS = "$(inherited) @executable_path/Frameworks";
				PRODUCT_BUNDLE_IDENTIFIER = dorahan.Dropbox;
				PRODUCT_NAME = "$(TARGET_NAME)";
			};
			name = Debug;
		};
		B5B735E51C61DB72003A989C /* Release */ = {
			isa = XCBuildConfiguration;
			buildSettings = {
				ASSETCATALOG_COMPILER_APPICON_NAME = AppIcon;
				INFOPLIST_FILE = Dropbox/Info.plist;
				LD_RUNPATH_SEARCH_PATHS = "$(inherited) @executable_path/Frameworks";
				PRODUCT_BUNDLE_IDENTIFIER = dorahan.Dropbox;
				PRODUCT_NAME = "$(TARGET_NAME)";
			};
			name = Release;
		};
		B5B735E71C61DB72003A989C /* Debug */ = {
			isa = XCBuildConfiguration;
			buildSettings = {
				BUNDLE_LOADER = "$(TEST_HOST)";
				INFOPLIST_FILE = DropboxTests/Info.plist;
				LD_RUNPATH_SEARCH_PATHS = "$(inherited) @executable_path/Frameworks @loader_path/Frameworks";
				PRODUCT_BUNDLE_IDENTIFIER = dorahan.DropboxTests;
				PRODUCT_NAME = "$(TARGET_NAME)";
				TEST_HOST = "$(BUILT_PRODUCTS_DIR)/Dropbox.app/Dropbox";
			};
			name = Debug;
		};
		B5B735E81C61DB72003A989C /* Release */ = {
			isa = XCBuildConfiguration;
			buildSettings = {
				BUNDLE_LOADER = "$(TEST_HOST)";
				INFOPLIST_FILE = DropboxTests/Info.plist;
				LD_RUNPATH_SEARCH_PATHS = "$(inherited) @executable_path/Frameworks @loader_path/Frameworks";
				PRODUCT_BUNDLE_IDENTIFIER = dorahan.DropboxTests;
				PRODUCT_NAME = "$(TARGET_NAME)";
				TEST_HOST = "$(BUILT_PRODUCTS_DIR)/Dropbox.app/Dropbox";
			};
			name = Release;
		};
		B5B735EA1C61DB72003A989C /* Debug */ = {
			isa = XCBuildConfiguration;
			buildSettings = {
				INFOPLIST_FILE = DropboxUITests/Info.plist;
				LD_RUNPATH_SEARCH_PATHS = "$(inherited) @executable_path/Frameworks @loader_path/Frameworks";
				PRODUCT_BUNDLE_IDENTIFIER = dorahan.DropboxUITests;
				PRODUCT_NAME = "$(TARGET_NAME)";
				TEST_TARGET_NAME = Dropbox;
				USES_XCTRUNNER = YES;
			};
			name = Debug;
		};
		B5B735EB1C61DB72003A989C /* Release */ = {
			isa = XCBuildConfiguration;
			buildSettings = {
				INFOPLIST_FILE = DropboxUITests/Info.plist;
				LD_RUNPATH_SEARCH_PATHS = "$(inherited) @executable_path/Frameworks @loader_path/Frameworks";
				PRODUCT_BUNDLE_IDENTIFIER = dorahan.DropboxUITests;
				PRODUCT_NAME = "$(TARGET_NAME)";
				TEST_TARGET_NAME = Dropbox;
				USES_XCTRUNNER = YES;
			};
			name = Release;
		};
/* End XCBuildConfiguration section */

/* Begin XCConfigurationList section */
		B5B735B61C61DB72003A989C /* Build configuration list for PBXProject "Dropbox" */ = {
			isa = XCConfigurationList;
			buildConfigurations = (
				B5B735E11C61DB72003A989C /* Debug */,
				B5B735E21C61DB72003A989C /* Release */,
			);
			defaultConfigurationIsVisible = 0;
			defaultConfigurationName = Release;
		};
		B5B735E31C61DB72003A989C /* Build configuration list for PBXNativeTarget "Dropbox" */ = {
			isa = XCConfigurationList;
			buildConfigurations = (
				B5B735E41C61DB72003A989C /* Debug */,
				B5B735E51C61DB72003A989C /* Release */,
			);
			defaultConfigurationIsVisible = 0;
			defaultConfigurationName = Release;
		};
		B5B735E61C61DB72003A989C /* Build configuration list for PBXNativeTarget "DropboxTests" */ = {
			isa = XCConfigurationList;
			buildConfigurations = (
				B5B735E71C61DB72003A989C /* Debug */,
				B5B735E81C61DB72003A989C /* Release */,
			);
			defaultConfigurationIsVisible = 0;
			defaultConfigurationName = Release;
		};
		B5B735E91C61DB72003A989C /* Build configuration list for PBXNativeTarget "DropboxUITests" */ = {
			isa = XCConfigurationList;
			buildConfigurations = (
				B5B735EA1C61DB72003A989C /* Debug */,
				B5B735EB1C61DB72003A989C /* Release */,
			);
			defaultConfigurationIsVisible = 0;
			defaultConfigurationName = Release;
		};
/* End XCConfigurationList section */
	};
	rootObject = B5B735B31C61DB72003A989C /* Project object */;
}
